PODS:
  - HanekeSwift (0.10.0)
  - MomentsGallery (0.1.0):
    - HanekeSwift

DEPENDENCIES:
  - MomentsGallery (from `../`)

EXTERNAL SOURCES:
  MomentsGallery:
    :path: ../

SPEC CHECKSUMS:
  HanekeSwift: d6f5bdf9dbdbbc09d59623b2c1d533e46463dd4d
  MomentsGallery: 03ef7e6a98950efe5a57ff3d1faed7150581e690

COCOAPODS: 0.39.0
